
Microsoft Visual Studio Solution File, Format Version 12.00
# Visual Studio Version 16
VisualStudioVersion = 16.0.30907.101
MinimumVisualStudioVersion = 10.0.40219.1
Project("{FAE04EC0-301F-11D3-BF4B-00C04F79EFBC}") = "Upr6", "Upr6.csproj", "{199F121E-187A-4507-AFF8-48525CE4A740}"
EndProject
Global
	GlobalSection(SolutionConfigurationPlatforms) = preSolution
		Debug|Any CPU = Debug|Any CPU
		Release|Any CPU = Release|Any CPU
	EndGlobalSection
	GlobalSection(ProjectConfigurationPlatforms) = postSolution
		{199F121E-187A-4507-AFF8-48525CE4A740}.Debug|Any CPU.ActiveCfg = Debug|Any CPU
		{199F121E-187A-4507-AFF8-48525CE4A740}.Debug|Any CPU.Build.0 = Debug|Any CPU
		{199F121E-187A-4507-AFF8-48525CE4A740}.Release|Any CPU.ActiveCfg = Release|Any CPU
		{199F121E-187A-4507-AFF8-48525CE4A740}.Release|Any CPU.Build.0 = Release|Any CPU
	EndGlobalSection
	GlobalSection(SolutionProperties) = preSolution
		HideSolutionNode = FALSE
	EndGlobalSection
	GlobalSection(ExtensibilityGlobals) = postSolution
		SolutionGuid = {45882AB6-29DA-4862-AB73-19D246F0ECBB}
	EndGlobalSection
EndGlobal
